{
  "name": "heatsync",
  "version": "2.3.0",
  "lockfileVersion": 2,
  "requires": true,
  "packages": {
    "": {
      "name": "heatsync",
      "version": "2.3.0",
      "license": "MIT",
      "dependencies": {
        "backtracker": "3.2.0"
      },
      "devDependencies": {
        "@types/node": "18.0.3"
      }
    },
    "../BackTracker": {
      "name": "backtracker",
      "version": "3.2.0",
      "license": "MIT",
      "devDependencies": {
        "@types/node": "18.0.3",
        "typescript": "^4.7.4"
      }
    },
    "node_modules/@types/node": {
      "version": "18.0.3",
      "resolved": "https://registry.npmjs.org/@types/node/-/node-18.0.3.tgz",
      "integrity": "sha512-HzNRZtp4eepNitP+BD6k2L6DROIDG4Q0fm4x+dwfsr6LGmROENnok75VGw40628xf+iR24WeMFcHuuBDUAzzsQ==",
      "dev": true
    },
    "node_modules/backtracker": {
      "resolved": "../BackTracker",
      "link": true
    }
  },
  "dependencies": {
    "@types/node": {
      "version": "18.0.3",
      "resolved": "https://registry.npmjs.org/@types/node/-/node-18.0.3.tgz",
      "integrity": "sha512-HzNRZtp4eepNitP+BD6k2L6DROIDG4Q0fm4x+dwfsr6LGmROENnok75VGw40628xf+iR24WeMFcHuuBDUAzzsQ==",
      "dev": true
    },
    "backtracker": {
      "version": "file:../BackTracker",
      "requires": {
        "@types/node": "18.0.3",
        "typescript": "^4.7.4"
      }
    }
  }
}
