{
  "name": "heatsync",
  "version": "2.3.1",
  "lockfileVersion": 2,
  "requires": true,
  "packages": {
    "": {
      "name": "heatsync",
      "version": "2.3.1",
      "license": "MIT",
      "dependencies": {
        "backtracker": "3.2.1"
      },
      "devDependencies": {
        "@types/node": "18.7.4"
      }
    },
    "node_modules/@types/node": {
      "version": "18.7.4",
      "resolved": "https://registry.npmjs.org/@types/node/-/node-18.7.4.tgz",
      "integrity": "sha512-RzRcw8c0B8LzryWOR4Wj7YOTFXvdYKwvrb6xQQyuDfnlTxwYXGCV5RZ/TEbq5L5kn+w3rliHAUyRcG1RtbmTFg==",
      "dev": true
    },
    "node_modules/backtracker": {
      "version": "3.2.1",
      "resolved": "https://registry.npmjs.org/backtracker/-/backtracker-3.2.1.tgz",
      "integrity": "sha512-Hr1c35oYDHUbFSDf7XLtybXlvYuhutrM5t571ya2W51QQmpltZ5WS9gYQkjzuv+tL21oRTEMT6v4piOFWGaCCg=="
    }
  },
  "dependencies": {
    "@types/node": {
      "version": "18.7.4",
      "resolved": "https://registry.npmjs.org/@types/node/-/node-18.7.4.tgz",
      "integrity": "sha512-RzRcw8c0B8LzryWOR4Wj7YOTFXvdYKwvrb6xQQyuDfnlTxwYXGCV5RZ/TEbq5L5kn+w3rliHAUyRcG1RtbmTFg==",
      "dev": true
    },
    "backtracker": {
      "version": "3.2.1",
      "resolved": "https://registry.npmjs.org/backtracker/-/backtracker-3.2.1.tgz",
      "integrity": "sha512-Hr1c35oYDHUbFSDf7XLtybXlvYuhutrM5t571ya2W51QQmpltZ5WS9gYQkjzuv+tL21oRTEMT6v4piOFWGaCCg=="
    }
  }
}
